
Microsoft Visual Studio Solution File, Format Version 12.00
# Visual Studio Version 16
VisualStudioVersion = 16.0.29806.167
MinimumVisualStudioVersion = 10.0.40219.1
Project("{FAE04EC0-301F-11D3-BF4B-00C04F79EFBC}") = "TaskManager_Graf", "TaskManager_Graf.csproj", "{0F7BDA5B-50E1-455F-B5F3-F226F9A4F257}"
EndProject
Global
	GlobalSection(SolutionConfigurationPlatforms) = preSolution
		Debug|Any CPU = Debug|Any CPU
		Release|Any CPU = Release|Any CPU
	EndGlobalSection
	GlobalSection(ProjectConfigurationPlatforms) = postSolution
		{0F7BDA5B-50E1-455F-B5F3-F226F9A4F257}.Debug|Any CPU.ActiveCfg = Debug|Any CPU
		{0F7BDA5B-50E1-455F-B5F3-F226F9A4F257}.Debug|Any CPU.Build.0 = Debug|Any CPU
		{0F7BDA5B-50E1-455F-B5F3-F226F9A4F257}.Release|Any CPU.ActiveCfg = Release|Any CPU
		{0F7BDA5B-50E1-455F-B5F3-F226F9A4F257}.Release|Any CPU.Build.0 = Release|Any CPU
	EndGlobalSection
	GlobalSection(SolutionProperties) = preSolution
		HideSolutionNode = FALSE
	EndGlobalSection
	GlobalSection(ExtensibilityGlobals) = postSolution
		SolutionGuid = {2718B7CF-5B61-4050-B5DE-20E260F41B3B}
	EndGlobalSection
EndGlobal
